{
    "_readme": [
        "This file locks the dependencies of your project to a known state",
        "Read more about it at https://getcomposer.org/doc/01-basic-usage.md#installing-dependencies",
        "This file is @generated automatically"
    ],
    "content-hash": "e6f6710e07c736d41b7d34e79bb1f9d1",
    "packages": [
        {
            "name": "namshi/jose",
            "version": "7.2.3",
            "source": {
                "type": "git",
                "url": "https://github.com/namshi/jose.git",
                "reference": "89a24d7eb3040e285dd5925fcad992378b82bcff"
            },
            "dist": {
                "type": "zip",
                "url": "https://api.github.com/repos/namshi/jose/zipball/89a24d7eb3040e285dd5925fcad992378b82bcff",
                "reference": "89a24d7eb3040e285dd5925fcad992378b82bcff",
                "shasum": ""
            },
            "require": {
                "ext-date": "*",
                "ext-hash": "*",
                "ext-json": "*",
                "ext-pcre": "*",
                "ext-spl": "*",
                "php": ">=5.5",
                "symfony/polyfill-php56": "^1.0"
            },
            "require-dev": {
                "phpseclib/phpseclib": "^2.0",
                "phpunit/phpunit": "^4.5|^5.0",
                "satooshi/php-coveralls": "^1.0"
            },
            "suggest": {
                "ext-openssl": "Allows to use OpenSSL as crypto engine.",
                "phpseclib/phpseclib": "Allows to use Phpseclib as crypto engine, use version ^2.0."
            },
            "type": "library",
            "autoload": {
                "psr-4": {
                    "Namshi\\JOSE\\": "src/Namshi/JOSE/"
                }
            },
            "notification-url": "https://packagist.org/downloads/",
            "license": [
                "MIT"
            ],
            "authors": [
                {
                    "name": "Alessandro Nadalin",
                    "email": "alessandro.nadalin@gmail.com"
                },
                {
                    "name": "Alessandro Cinelli (cirpo)",
                    "email": "alessandro.cinelli@gmail.com"
                }
            ],
            "description": "JSON Object Signing and Encryption library for PHP.",
            "keywords": [
                "JSON Web Signature",
                "JSON Web Token",
                "JWS",
                "json",
                "jwt",
                "token"
            ],
            "support": {
                "issues": "https://github.com/namshi/jose/issues",
                "source": "https://github.com/namshi/jose/tree/master"
            },
            "time": "2016-12-05T07:27:31+00:00"
        },
        {
            "name": "symfony/polyfill-php56",
            "version": "v1.20.0",
            "source": {
                "type": "git",
                "url": "https://github.com/symfony/polyfill-php56.git",
                "reference": "54b8cd7e6c1643d78d011f3be89f3ef1f9f4c675"
            },
            "dist": {
                "type": "zip",
                "url": "https://api.github.com/repos/symfony/polyfill-php56/zipball/54b8cd7e6c1643d78d011f3be89f3ef1f9f4c675",
                "reference": "54b8cd7e6c1643d78d011f3be89f3ef1f9f4c675",
                "shasum": ""
            },
            "require": {
                "php": ">=7.1"
            },
            "type": "metapackage",
            "extra": {
                "thanks": {
                    "url": "https://github.com/symfony/polyfill",
                    "name": "symfony/polyfill"
                },
                "branch-alias": {
                    "dev-main": "1.20-dev"
                }
            },
            "notification-url": "https://packagist.org/downloads/",
            "license": [
                "MIT"
            ],
            "authors": [
                {
                    "name": "Nicolas Grekas",
                    "email": "p@tchwork.com"
                },
                {
                    "name": "Symfony Community",
                    "homepage": "https://symfony.com/contributors"
                }
            ],
            "description": "Symfony polyfill backporting some PHP 5.6+ features to lower PHP versions",
            "homepage": "https://symfony.com",
            "keywords": [
                "compatibility",
                "polyfill",
                "portable",
                "shim"
            ],
            "support": {
                "source": "https://github.com/symfony/polyfill-php56/tree/v1.20.0"
            },
            "funding": [
                {
                    "url": "https://symfony.com/sponsor",
                    "type": "custom"
                },
                {
                    "url": "https://github.com/fabpot",
                    "type": "github"
                },
                {
                    "url": "https://tidelift.com/funding/github/packagist/symfony/symfony",
                    "type": "tidelift"
                }
            ],
            "time": "2020-10-23T14:02:19+00:00"
        }
    ],
    "packages-dev": [],
    "aliases": [],
    "minimum-stability": "stable",
    "stability-flags": {},
    "prefer-stable": false,
    "prefer-lowest": false,
    "platform": {},
    "platform-dev": {},
    "plugin-api-version": "2.9.0"
}
